
Microsoft Visual Studio Solution File, Format Version 12.00
Project("{FAE04EC0-301F-11D3-BF4B-00C04F79EFBC}") = "SendToDataView", "SendToDataView\SendToDataView.csproj", "{DBAF3A0B-E879-4C69-B925-D798E4FD4EEC}"
EndProject
Global
	GlobalSection(SolutionConfigurationPlatforms) = preSolution
		Debug|Any CPU = Debug|Any CPU
		Release|Any CPU = Release|Any CPU
	EndGlobalSection
	GlobalSection(ProjectConfigurationPlatforms) = postSolution
		{DBAF3A0B-E879-4C69-B925-D798E4FD4EEC}.Debug|Any CPU.ActiveCfg = Debug|Any CPU
		{DBAF3A0B-E879-4C69-B925-D798E4FD4EEC}.Debug|Any CPU.Build.0 = Debug|Any CPU
		{DBAF3A0B-E879-4C69-B925-D798E4FD4EEC}.Release|Any CPU.ActiveCfg = Release|Any CPU
		{DBAF3A0B-E879-4C69-B925-D798E4FD4EEC}.Release|Any CPU.Build.0 = Release|Any CPU
	EndGlobalSection
EndGlobal
