
Microsoft Visual Studio Solution File, Format Version 12.00
Project("{2150E333-8FDC-42A3-9474-1A3956D46DE8}") = "src", "src", "{9A8EA07A-9637-4E0C-8698-CC0D8243EE8A}"
EndProject
Project("{2150E333-8FDC-42A3-9474-1A3956D46DE8}") = "tests", "tests", "{E891BBDF-84F0-4D6C-996B-CDA22F668D25}"
EndProject
Project("{2150E333-8FDC-42A3-9474-1A3956D46DE8}") = "Core", "Core", "{70679780-7420-4F7C-89AD-E17EA31D559F}"
EndProject
Project("{FAE04EC0-301F-11D3-BF4B-00C04F79EFBC}") = "OnionArchApp.Domain", "src\Core\OnionArchApp.Domain\OnionArchApp.Domain.csproj", "{D7CB9C2A-CD89-4307-86F3-E1EC75FC38F7}"
EndProject
Project("{FAE04EC0-301F-11D3-BF4B-00C04F79EFBC}") = "OnionArchApp.Application", "src\Core\OnionArchApp.Application\OnionArchApp.Application.csproj", "{23BCE8F7-3549-4842-B45B-884E0449A352}"
EndProject
Project("{2150E333-8FDC-42A3-9474-1A3956D46DE8}") = "Infrastructure", "Infrastructure", "{4A665847-8EE8-48F7-9938-DAE5CA4B8EA3}"
EndProject
Project("{FAE04EC0-301F-11D3-BF4B-00C04F79EFBC}") = "OnionArchApp.Infrastructure", "src\Infrastructure\OnionArchApp.Infrastructure\OnionArchApp.Infrastructure.csproj", "{77A6D200-A051-4E9C-AC66-59AC3915B507}"
EndProject
Project("{FAE04EC0-301F-11D3-BF4B-00C04F79EFBC}") = "OnionArchApp.Persistance", "src\Infrastructure\OnionArchApp.Persistance\OnionArchApp.Persistance.csproj", "{B0BCA19A-E2B2-4AB6-ADD9-2AB2C648941F}"
EndProject
Project("{2150E333-8FDC-42A3-9474-1A3956D46DE8}") = "Presentation", "Presentation", "{B626B358-EB95-4382-AB10-1605D4B93F46}"
EndProject
Project("{FAE04EC0-301F-11D3-BF4B-00C04F79EFBC}") = "OnionArchApp.WebAPI", "src\Presentation\OnionArchApp.WebAPI\OnionArchApp.WebAPI.csproj", "{EAB172AA-CED9-4911-915C-404C47AEF650}"
EndProject
Global
	GlobalSection(SolutionConfigurationPlatforms) = preSolution
		Debug|Any CPU = Debug|Any CPU
		Release|Any CPU = Release|Any CPU
	EndGlobalSection
	GlobalSection(NestedProjects) = preSolution
		{70679780-7420-4F7C-89AD-E17EA31D559F} = {9A8EA07A-9637-4E0C-8698-CC0D8243EE8A}
		{D7CB9C2A-CD89-4307-86F3-E1EC75FC38F7} = {70679780-7420-4F7C-89AD-E17EA31D559F}
		{23BCE8F7-3549-4842-B45B-884E0449A352} = {70679780-7420-4F7C-89AD-E17EA31D559F}
		{4A665847-8EE8-48F7-9938-DAE5CA4B8EA3} = {9A8EA07A-9637-4E0C-8698-CC0D8243EE8A}
		{77A6D200-A051-4E9C-AC66-59AC3915B507} = {4A665847-8EE8-48F7-9938-DAE5CA4B8EA3}
		{B0BCA19A-E2B2-4AB6-ADD9-2AB2C648941F} = {4A665847-8EE8-48F7-9938-DAE5CA4B8EA3}
		{B626B358-EB95-4382-AB10-1605D4B93F46} = {9A8EA07A-9637-4E0C-8698-CC0D8243EE8A}
		{EAB172AA-CED9-4911-915C-404C47AEF650} = {B626B358-EB95-4382-AB10-1605D4B93F46}
	EndGlobalSection
	GlobalSection(ProjectConfigurationPlatforms) = postSolution
		{D7CB9C2A-CD89-4307-86F3-E1EC75FC38F7}.Debug|Any CPU.ActiveCfg = Debug|Any CPU
		{D7CB9C2A-CD89-4307-86F3-E1EC75FC38F7}.Debug|Any CPU.Build.0 = Debug|Any CPU
		{D7CB9C2A-CD89-4307-86F3-E1EC75FC38F7}.Release|Any CPU.ActiveCfg = Release|Any CPU
		{D7CB9C2A-CD89-4307-86F3-E1EC75FC38F7}.Release|Any CPU.Build.0 = Release|Any CPU
		{23BCE8F7-3549-4842-B45B-884E0449A352}.Debug|Any CPU.ActiveCfg = Debug|Any CPU
		{23BCE8F7-3549-4842-B45B-884E0449A352}.Debug|Any CPU.Build.0 = Debug|Any CPU
		{23BCE8F7-3549-4842-B45B-884E0449A352}.Release|Any CPU.ActiveCfg = Release|Any CPU
		{23BCE8F7-3549-4842-B45B-884E0449A352}.Release|Any CPU.Build.0 = Release|Any CPU
		{77A6D200-A051-4E9C-AC66-59AC3915B507}.Debug|Any CPU.ActiveCfg = Debug|Any CPU
		{77A6D200-A051-4E9C-AC66-59AC3915B507}.Debug|Any CPU.Build.0 = Debug|Any CPU
		{77A6D200-A051-4E9C-AC66-59AC3915B507}.Release|Any CPU.ActiveCfg = Release|Any CPU
		{77A6D200-A051-4E9C-AC66-59AC3915B507}.Release|Any CPU.Build.0 = Release|Any CPU
		{B0BCA19A-E2B2-4AB6-ADD9-2AB2C648941F}.Debug|Any CPU.ActiveCfg = Debug|Any CPU
		{B0BCA19A-E2B2-4AB6-ADD9-2AB2C648941F}.Debug|Any CPU.Build.0 = Debug|Any CPU
		{B0BCA19A-E2B2-4AB6-ADD9-2AB2C648941F}.Release|Any CPU.ActiveCfg = Release|Any CPU
		{B0BCA19A-E2B2-4AB6-ADD9-2AB2C648941F}.Release|Any CPU.Build.0 = Release|Any CPU
		{EAB172AA-CED9-4911-915C-404C47AEF650}.Debug|Any CPU.ActiveCfg = Debug|Any CPU
		{EAB172AA-CED9-4911-915C-404C47AEF650}.Debug|Any CPU.Build.0 = Debug|Any CPU
		{EAB172AA-CED9-4911-915C-404C47AEF650}.Release|Any CPU.ActiveCfg = Release|Any CPU
		{EAB172AA-CED9-4911-915C-404C47AEF650}.Release|Any CPU.Build.0 = Release|Any CPU
	EndGlobalSection
EndGlobal
